PODS:
  - Flutter (1.0.0)
  - instrumentisto-libwebrtc-bin (132.0.6834.159)
  - integration_test (0.0.1):
    - Flutter
  - medea_flutter_webrtc (0.13.0-dev):
    - Flutter
    - instrumentisto-libwebrtc-bin (= 132.0.6834.159)

DEPENDENCIES:
  - Flutter (from `Flutter`)
  - integration_test (from `.symlinks/plugins/integration_test/ios`)
  - medea_flutter_webrtc (from `.symlinks/plugins/medea_flutter_webrtc/ios`)

SPEC REPOS:
  trunk:
    - instrumentisto-libwebrtc-bin

EXTERNAL SOURCES:
  Flutter:
    :path: Flutter
  integration_test:
    :path: ".symlinks/plugins/integration_test/ios"
  medea_flutter_webrtc:
    :path: ".symlinks/plugins/medea_flutter_webrtc/ios"

SPEC CHECKSUMS:
  Flutter: e0871f40cf51350855a761d2e70bf5af5b9b5de7
  instrumentisto-libwebrtc-bin: 28547a14b21c3ffffdef040adfa6ffc7feb9b723
  integration_test: 4a889634ef21a45d28d50d622cf412dc6d9f586e
  medea_flutter_webrtc: f374b398eded919d5a3d8687587a0132e71c2b5a

PODFILE CHECKSUM: be3ab4e988bb308d23906be69146fcbef66fac55

COCOAPODS: 1.16.2
