PODS:
  - Flutter (1.0.0)
  - instrumentisto-libwebrtc-bin (118.0.5993.88)
  - integration_test (0.0.1):
    - Flutter
  - libyuv-iOS (1.0.2)
  - medea_flutter_webrtc (0.9.1-dev):
    - Flutter
    - instrumentisto-libwebrtc-bin (= 118.0.5993.88)
    - libyuv-iOS

DEPENDENCIES:
  - Flutter (from `Flutter`)
  - integration_test (from `.symlinks/plugins/integration_test/ios`)
  - medea_flutter_webrtc (from `.symlinks/plugins/medea_flutter_webrtc/ios`)

SPEC REPOS:
  trunk:
    - instrumentisto-libwebrtc-bin
    - libyuv-iOS

EXTERNAL SOURCES:
  Flutter:
    :path: Flutter
  integration_test:
    :path: ".symlinks/plugins/integration_test/ios"
  medea_flutter_webrtc:
    :path: ".symlinks/plugins/medea_flutter_webrtc/ios"

SPEC CHECKSUMS:
  Flutter: f04841e97a9d0b0a8025694d0796dd46242b2854
  instrumentisto-libwebrtc-bin: 295e1721ff9a8ccfc030c0de5f095c7d6b3e53ce
  integration_test: 13825b8a9334a850581300559b8839134b124670
  libyuv-iOS: 5a154ccc84ec754029886ecb607512731fe30640
  medea_flutter_webrtc: b19006676164ce2b6c917af3ed0397d92de47c0d

PODFILE CHECKSUM: be3ab4e988bb308d23906be69146fcbef66fac55

COCOAPODS: 1.14.2
