PODS:
  - FlutterMacOS (1.0.0)
  - medea_flutter_webrtc (0.15.1):
    - FlutterMacOS

DEPENDENCIES:
  - FlutterMacOS (from `Flutter/ephemeral`)
  - medea_flutter_webrtc (from `Flutter/ephemeral/.symlinks/plugins/medea_flutter_webrtc/macos`)

EXTERNAL SOURCES:
  FlutterMacOS:
    :path: Flutter/ephemeral
  medea_flutter_webrtc:
    :path: Flutter/ephemeral/.symlinks/plugins/medea_flutter_webrtc/macos

SPEC CHECKSUMS:
  FlutterMacOS: 8f6f14fa908a6fb3fba0cd85dbd81ec4b251fb24
  medea_flutter_webrtc: 2343cc5f102dc4c6618d13177f2f0d61ef37dd28

PODFILE CHECKSUM: 1b29b575031b812e1e7a7cf698aec84e8b2cab1e

COCOAPODS: 1.16.2
